
Microsoft Visual Studio Solution File, Format Version 12.00
# Visual Studio Version 16
VisualStudioVersion = 16.0.30804.86
MinimumVisualStudioVersion = 10.0.40219.1
Project("{FAE04EC0-301F-11D3-BF4B-00C04F79EFBC}") = "SampleWebForm", "SampleWebForm\SampleWebForm.csproj", "{CF3792B0-BAFE-412C-A0BA-61C0998E786F}"
EndProject
Global
	GlobalSection(SolutionConfigurationPlatforms) = preSolution
		Debug|Any CPU = Debug|Any CPU
		Release|Any CPU = Release|Any CPU
	EndGlobalSection
	GlobalSection(ProjectConfigurationPlatforms) = postSolution
		{CF3792B0-BAFE-412C-A0BA-61C0998E786F}.Debug|Any CPU.ActiveCfg = Debug|Any CPU
		{CF3792B0-BAFE-412C-A0BA-61C0998E786F}.Debug|Any CPU.Build.0 = Debug|Any CPU
		{CF3792B0-BAFE-412C-A0BA-61C0998E786F}.Release|Any CPU.ActiveCfg = Release|Any CPU
		{CF3792B0-BAFE-412C-A0BA-61C0998E786F}.Release|Any CPU.Build.0 = Release|Any CPU
	EndGlobalSection
	GlobalSection(SolutionProperties) = preSolution
		HideSolutionNode = FALSE
	EndGlobalSection
	GlobalSection(ExtensibilityGlobals) = postSolution
		SolutionGuid = {AA9013AC-79EB-44F3-87F9-3129E60ADE1C}
	EndGlobalSection
EndGlobal
